// !$*UTF8*$!
{
	archiveVersion = 1;
	classes = {
	};
	objectVersion = 46;
	objects = {

/* Begin PBXBuildFile section */
		04C252E11CB2957800600DD8 /* AppDelegate.swift in Sources */ = {isa = PBXBuildFile; fileRef = 04C252E01CB2957800600DD8 /* AppDelegate.swift */; };
		04C252E31CB2957800600DD8 /* ViewController.swift in Sources */ = {isa = PBXBuildFile; fileRef = 04C252E21CB2957800600DD8 /* ViewController.swift */; };
		04C252E61CB2957800600DD8 /* Main.storyboard in Resources */ = {isa = PBXBuildFile; fileRef = 04C252E41CB2957800600DD8 /* Main.storyboard */; };
		04C252E81CB2957800600DD8 /* Assets.xcassets in Resources */ = {isa = PBXBuildFile; fileRef = 04C252E71CB2957800600DD8 /* Assets.xcassets */; };
		04C252EB1CB2957800600DD8 /* LaunchScreen.storyboard in Resources */ = {isa = PBXBuildFile; fileRef = 04C252E91CB2957800600DD8 /* LaunchScreen.storyboard */; };
		04C252F61CB2957800600DD8 /* SimpleNativeTests.swift in Sources */ = {isa = PBXBuildFile; fileRef = 04C252F51CB2957800600DD8 /* SimpleNativeTests.swift */; };
		04C253011CB2957900600DD8 /* SimpleNativeUITests.swift in Sources */ = {isa = PBXBuildFile; fileRef = 04C253001CB2957900600DD8 /* SimpleNativeUITests.swift */; };
		04C253131CB2A2A100600DD8 /* ReactView.swift in Sources */ = {isa = PBXBuildFile; fileRef = 04C253121CB2A2A100600DD8 /* ReactView.swift */; };
		38A6E2A7D088FE0BE7DD81B2 /* libPods-SimpleNative.a in Frameworks */ = {isa = PBXBuildFile; fileRef = 624B37E93144A62FA84B1BD9 /* libPods-SimpleNative.a */; };
/* End PBXBuildFile section */

/* Begin PBXContainerItemProxy section */
		04C252F21CB2957800600DD8 /* PBXContainerItemProxy */ = {
			isa = PBXContainerItemProxy;
			containerPortal = 04C252D51CB2957800600DD8 /* Project object */;
			proxyType = 1;
			remoteGlobalIDString = 04C252DC1CB2957800600DD8;
			remoteInfo = SimpleNative;
		};
		04C252FD1CB2957900600DD8 /* PBXContainerItemProxy */ = {
			isa = PBXContainerItemProxy;
			containerPortal = 04C252D51CB2957800600DD8 /* Project object */;
			proxyType = 1;
			remoteGlobalIDString = 04C252DC1CB2957800600DD8;
			remoteInfo = SimpleNative;
		};
/* End PBXContainerItemProxy section */

/* Begin PBXFileReference section */
		04C252DD1CB2957800600DD8 /* SimpleNative.app */ = {isa = PBXFileReference; explicitFileType = wrapper.application; includeInIndex = 0; path = SimpleNative.app; sourceTree = BUILT_PRODUCTS_DIR; };
		04C252E01CB2957800600DD8 /* AppDelegate.swift */ = {isa = PBXFileReference; lastKnownFileType = sourcecode.swift; path = AppDelegate.swift; sourceTree = "<group>"; };
		04C252E21CB2957800600DD8 /* ViewController.swift */ = {isa = PBXFileReference; lastKnownFileType = sourcecode.swift; path = ViewController.swift; sourceTree = "<group>"; };
		04C252E51CB2957800600DD8 /* Base */ = {isa = PBXFileReference; lastKnownFileType = file.storyboard; name = Base; path = Base.lproj/Main.storyboard; sourceTree = "<group>"; };
		04C252E71CB2957800600DD8 /* Assets.xcassets */ = {isa = PBXFileReference; lastKnownFileType = folder.assetcatalog; path = Assets.xcassets; sourceTree = "<group>"; };
		04C252EA1CB2957800600DD8 /* Base */ = {isa = PBXFileReference; lastKnownFileType = file.storyboard; name = Base; path = Base.lproj/LaunchScreen.storyboard; sourceTree = "<group>"; };
		04C252EC1CB2957800600DD8 /* Info.plist */ = {isa = PBXFileReference; lastKnownFileType = text.plist.xml; path = Info.plist; sourceTree = "<group>"; };
		04C252F11CB2957800600DD8 /* SimpleNativeTests.xctest */ = {isa = PBXFileReference; explicitFileType = wrapper.cfbundle; includeInIndex = 0; path = SimpleNativeTests.xctest; sourceTree = BUILT_PRODUCTS_DIR; };
		04C252F51CB2957800600DD8 /* SimpleNativeTests.swift */ = {isa = PBXFileReference; lastKnownFileType = sourcecode.swift; path = SimpleNativeTests.swift; sourceTree = "<group>"; };
		04C252F71CB2957800600DD8 /* Info.plist */ = {isa = PBXFileReference; lastKnownFileType = text.plist.xml; path = Info.plist; sourceTree = "<group>"; };
		04C252FC1CB2957900600DD8 /* SimpleNativeUITests.xctest */ = {isa = PBXFileReference; explicitFileType = wrapper.cfbundle; includeInIndex = 0; path = SimpleNativeUITests.xctest; sourceTree = BUILT_PRODUCTS_DIR; };
		04C253001CB2957900600DD8 /* SimpleNativeUITests.swift */ = {isa = PBXFileReference; lastKnownFileType = sourcecode.swift; path = SimpleNativeUITests.swift; sourceTree = "<group>"; };
		04C253021CB2957900600DD8 /* Info.plist */ = {isa = PBXFileReference; lastKnownFileType = text.plist.xml; path = Info.plist; sourceTree = "<group>"; };
		04C2530E1CB2A27900600DD8 /* SimpleNative-Bridging-Header.h */ = {isa = PBXFileReference; lastKnownFileType = sourcecode.c.h; path = "SimpleNative-Bridging-Header.h"; sourceTree = "<group>"; };
		04C253121CB2A2A100600DD8 /* ReactView.swift */ = {isa = PBXFileReference; fileEncoding = 4; lastKnownFileType = sourcecode.swift; path = ReactView.swift; sourceTree = "<group>"; };
		225DD02D308B59499E3F2121 /* Pods-SimpleNative.debug.xcconfig */ = {isa = PBXFileReference; includeInIndex = 1; lastKnownFileType = text.xcconfig; name = "Pods-SimpleNative.debug.xcconfig"; path = "Pods/Target Support Files/Pods-SimpleNative/Pods-SimpleNative.debug.xcconfig"; sourceTree = "<group>"; };
		624B37E93144A62FA84B1BD9 /* libPods-SimpleNative.a */ = {isa = PBXFileReference; explicitFileType = archive.ar; includeInIndex = 0; path = "libPods-SimpleNative.a"; sourceTree = BUILT_PRODUCTS_DIR; };
		E062438845846946E97143C3 /* Pods-SimpleNative.release.xcconfig */ = {isa = PBXFileReference; includeInIndex = 1; lastKnownFileType = text.xcconfig; name = "Pods-SimpleNative.release.xcconfig"; path = "Pods/Target Support Files/Pods-SimpleNative/Pods-SimpleNative.release.xcconfig"; sourceTree = "<group>"; };
/* End PBXFileReference section */

/* Begin PBXFrameworksBuildPhase section */
		04C252DA1CB2957800600DD8 /* Frameworks */ = {
			isa = PBXFrameworksBuildPhase;
			buildActionMask = 2147483647;
			files = (
				38A6E2A7D088FE0BE7DD81B2 /* libPods-SimpleNative.a in Frameworks */,
			);
			runOnlyForDeploymentPostprocessing = 0;
		};
		04C252EE1CB2957800600DD8 /* Frameworks */ = {
			isa = PBXFrameworksBuildPhase;
			buildActionMask = 2147483647;
			files = (
			);
			runOnlyForDeploymentPostprocessing = 0;
		};
		04C252F91CB2957900600DD8 /* Frameworks */ = {
			isa = PBXFrameworksBuildPhase;
			buildActionMask = 2147483647;
			files = (
			);
			runOnlyForDeploymentPostprocessing = 0;
		};
/* End PBXFrameworksBuildPhase section */

/* Begin PBXGroup section */
		04C252D41CB2957800600DD8 = {
			isa = PBXGroup;
			children = (
				04C252DF1CB2957800600DD8 /* SimpleNative */,
				04C252F41CB2957800600DD8 /* SimpleNativeTests */,
				04C252FF1CB2957900600DD8 /* SimpleNativeUITests */,
				04C252DE1CB2957800600DD8 /* Products */,
				F33F53A38161D1902E4ECA02 /* Pods */,
				21D16AC2FD75D4EBA4ABCA06 /* Frameworks */,
			);
			sourceTree = "<group>";
		};
		04C252DE1CB2957800600DD8 /* Products */ = {
			isa = PBXGroup;
			children = (
				04C252DD1CB2957800600DD8 /* SimpleNative.app */,
				04C252F11CB2957800600DD8 /* SimpleNativeTests.xctest */,
				04C252FC1CB2957900600DD8 /* SimpleNativeUITests.xctest */,
			);
			name = Products;
			sourceTree = "<group>";
		};
		04C252DF1CB2957800600DD8 /* SimpleNative */ = {
			isa = PBXGroup;
			children = (
				04C252E01CB2957800600DD8 /* AppDelegate.swift */,
				04C252E21CB2957800600DD8 /* ViewController.swift */,
				04C252E41CB2957800600DD8 /* Main.storyboard */,
				04C252E71CB2957800600DD8 /* Assets.xcassets */,
				04C252E91CB2957800600DD8 /* LaunchScreen.storyboard */,
				04C252EC1CB2957800600DD8 /* Info.plist */,
				04C2530E1CB2A27900600DD8 /* SimpleNative-Bridging-Header.h */,
				04C253121CB2A2A100600DD8 /* ReactView.swift */,
			);
			path = SimpleNative;
			sourceTree = "<group>";
		};
		04C252F41CB2957800600DD8 /* SimpleNativeTests */ = {
			isa = PBXGroup;
			children = (
				04C252F51CB2957800600DD8 /* SimpleNativeTests.swift */,
				04C252F71CB2957800600DD8 /* Info.plist */,
			);
			path = SimpleNativeTests;
			sourceTree = "<group>";
		};
		04C252FF1CB2957900600DD8 /* SimpleNativeUITests */ = {
			isa = PBXGroup;
			children = (
				04C253001CB2957900600DD8 /* SimpleNativeUITests.swift */,
				04C253021CB2957900600DD8 /* Info.plist */,
			);
			path = SimpleNativeUITests;
			sourceTree = "<group>";
		};
		21D16AC2FD75D4EBA4ABCA06 /* Frameworks */ = {
			isa = PBXGroup;
			children = (
				624B37E93144A62FA84B1BD9 /* libPods-SimpleNative.a */,
			);
			name = Frameworks;
			sourceTree = "<group>";
		};
		F33F53A38161D1902E4ECA02 /* Pods */ = {
			isa = PBXGroup;
			children = (
				225DD02D308B59499E3F2121 /* Pods-SimpleNative.debug.xcconfig */,
				E062438845846946E97143C3 /* Pods-SimpleNative.release.xcconfig */,
			);
			name = Pods;
			sourceTree = "<group>";
		};
/* End PBXGroup section */

/* Begin PBXNativeTarget section */
		04C252DC1CB2957800600DD8 /* SimpleNative */ = {
			isa = PBXNativeTarget;
			buildConfigurationList = 04C253051CB2957900600DD8 /* Build configuration list for PBXNativeTarget "SimpleNative" */;
			buildPhases = (
				7520AAF5ADE56FBC850DD0A2 /* Check Pods Manifest.lock */,
				04C252D91CB2957800600DD8 /* Sources */,
				04C252DA1CB2957800600DD8 /* Frameworks */,
				04C252DB1CB2957800600DD8 /* Resources */,
				3E592440DE2BD8E9C9BEDA05 /* Embed Pods Frameworks */,
				DF4C3B94037C532C4C345A7C /* Copy Pods Resources */,
			);
			buildRules = (
			);
			dependencies = (
			);
			name = SimpleNative;
			productName = SimpleNative;
			productReference = 04C252DD1CB2957800600DD8 /* SimpleNative.app */;
			productType = "com.apple.product-type.application";
		};
		04C252F01CB2957800600DD8 /* SimpleNativeTests */ = {
			isa = PBXNativeTarget;
			buildConfigurationList = 04C253081CB2957900600DD8 /* Build configuration list for PBXNativeTarget "SimpleNativeTests" */;
			buildPhases = (
				04C252ED1CB2957800600DD8 /* Sources */,
				04C252EE1CB2957800600DD8 /* Frameworks */,
				04C252EF1CB2957800600DD8 /* Resources */,
			);
			buildRules = (
			);
			dependencies = (
				04C252F31CB2957800600DD8 /* PBXTargetDependency */,
			);
			name = SimpleNativeTests;
			productName = SimpleNativeTests;
			productReference = 04C252F11CB2957800600DD8 /* SimpleNativeTests.xctest */;
			productType = "com.apple.product-type.bundle.unit-test";
		};
		04C252FB1CB2957900600DD8 /* SimpleNativeUITests */ = {
			isa = PBXNativeTarget;
			buildConfigurationList = 04C2530B1CB2957900600DD8 /* Build configuration list for PBXNativeTarget "SimpleNativeUITests" */;
			buildPhases = (
				04C252F81CB2957900600DD8 /* Sources */,
				04C252F91CB2957900600DD8 /* Frameworks */,
				04C252FA1CB2957900600DD8 /* Resources */,
			);
			buildRules = (
			);
			dependencies = (
				04C252FE1CB2957900600DD8 /* PBXTargetDependency */,
			);
			name = SimpleNativeUITests;
			productName = SimpleNativeUITests;
			productReference = 04C252FC1CB2957900600DD8 /* SimpleNativeUITests.xctest */;
			productType = "com.apple.product-type.bundle.ui-testing";
		};
/* End PBXNativeTarget section */

/* Begin PBXProject section */
		04C252D51CB2957800600DD8 /* Project object */ = {
			isa = PBXProject;
			attributes = {
				LastSwiftUpdateCheck = 0730;
				LastUpgradeCheck = 0730;
				ORGANIZATIONNAME = tifatsubasa;
				TargetAttributes = {
					04C252DC1CB2957800600DD8 = {
						CreatedOnToolsVersion = 7.3;
					};
					04C252F01CB2957800600DD8 = {
						CreatedOnToolsVersion = 7.3;
						TestTargetID = 04C252DC1CB2957800600DD8;
					};
					04C252FB1CB2957900600DD8 = {
						CreatedOnToolsVersion = 7.3;
						TestTargetID = 04C252DC1CB2957800600DD8;
					};
				};
			};
			buildConfigurationList = 04C252D81CB2957800600DD8 /* Build configuration list for PBXProject "SimpleNative" */;
			compatibilityVersion = "Xcode 3.2";
			developmentRegion = English;
			hasScannedForEncodings = 0;
			knownRegions = (
				en,
				Base,
			);
			mainGroup = 04C252D41CB2957800600DD8;
			productRefGroup = 04C252DE1CB2957800600DD8 /* Products */;
			projectDirPath = "";
			projectRoot = "";
			targets = (
				04C252DC1CB2957800600DD8 /* SimpleNative */,
				04C252F01CB2957800600DD8 /* SimpleNativeTests */,
				04C252FB1CB2957900600DD8 /* SimpleNativeUITests */,
			);
		};
/* End PBXProject section */

/* Begin PBXResourcesBuildPhase section */
		04C252DB1CB2957800600DD8 /* Resources */ = {
			isa = PBXResourcesBuildPhase;
			buildActionMask = 2147483647;
			files = (
				04C252EB1CB2957800600DD8 /* LaunchScreen.storyboard in Resources */,
				04C252E81CB2957800600DD8 /* Assets.xcassets in Resources */,
				04C252E61CB2957800600DD8 /* Main.storyboard in Resources */,
			);
			runOnlyForDeploymentPostprocessing = 0;
		};
		04C252EF1CB2957800600DD8 /* Resources */ = {
			isa = PBXResourcesBuildPhase;
			buildActionMask = 2147483647;
			files = (
			);
			runOnlyForDeploymentPostprocessing = 0;
		};
		04C252FA1CB2957900600DD8 /* Resources */ = {
			isa = PBXResourcesBuildPhase;
			buildActionMask = 2147483647;
			files = (
			);
			runOnlyForDeploymentPostprocessing = 0;
		};
/* End PBXResourcesBuildPhase section */

/* Begin PBXShellScriptBuildPhase section */
		3E592440DE2BD8E9C9BEDA05 /* Embed Pods Frameworks */ = {
			isa = PBXShellScriptBuildPhase;
			buildActionMask = 2147483647;
			files = (
			);
			inputPaths = (
			);
			name = "Embed Pods Frameworks";
			outputPaths = (
			);
			runOnlyForDeploymentPostprocessing = 0;
			shellPath = /bin/sh;
			shellScript = "\"${SRCROOT}/Pods/Target Support Files/Pods-SimpleNative/Pods-SimpleNative-frameworks.sh\"\n";
			showEnvVarsInLog = 0;
		};
		7520AAF5ADE56FBC850DD0A2 /* Check Pods Manifest.lock */ = {
			isa = PBXShellScriptBuildPhase;
			buildActionMask = 2147483647;
			files = (
			);
			inputPaths = (
			);
			name = "Check Pods Manifest.lock";
			outputPaths = (
			);
			runOnlyForDeploymentPostprocessing = 0;
			shellPath = /bin/sh;
			shellScript = "diff \"${PODS_ROOT}/../Podfile.lock\" \"${PODS_ROOT}/Manifest.lock\" > /dev/null\nif [[ $? != 0 ]] ; then\n    cat << EOM\nerror: The sandbox is not in sync with the Podfile.lock. Run 'pod install' or update your CocoaPods installation.\nEOM\n    exit 1\nfi\n";
			showEnvVarsInLog = 0;
		};
		DF4C3B94037C532C4C345A7C /* Copy Pods Resources */ = {
			isa = PBXShellScriptBuildPhase;
			buildActionMask = 2147483647;
			files = (
			);
			inputPaths = (
			);
			name = "Copy Pods Resources";
			outputPaths = (
			);
			runOnlyForDeploymentPostprocessing = 0;
			shellPath = /bin/sh;
			shellScript = "\"${SRCROOT}/Pods/Target Support Files/Pods-SimpleNative/Pods-SimpleNative-resources.sh\"\n";
			showEnvVarsInLog = 0;
		};
/* End PBXShellScriptBuildPhase section */

/* Begin PBXSourcesBuildPhase section */
		04C252D91CB2957800600DD8 /* Sources */ = {
			isa = PBXSourcesBuildPhase;
			buildActionMask = 2147483647;
			files = (
				04C252E31CB2957800600DD8 /* ViewController.swift in Sources */,
				04C253131CB2A2A100600DD8 /* ReactView.swift in Sources */,
				04C252E11CB2957800600DD8 /* AppDelegate.swift in Sources */,
			);
			runOnlyForDeploymentPostprocessing = 0;
		};
		04C252ED1CB2957800600DD8 /* Sources */ = {
			isa = PBXSourcesBuildPhase;
			buildActionMask = 2147483647;
			files = (
				04C252F61CB2957800600DD8 /* SimpleNativeTests.swift in Sources */,
			);
			runOnlyForDeploymentPostprocessing = 0;
		};
		04C252F81CB2957900600DD8 /* Sources */ = {
			isa = PBXSourcesBuildPhase;
			buildActionMask = 2147483647;
			files = (
				04C253011CB2957900600DD8 /* SimpleNativeUITests.swift in Sources */,
			);
			runOnlyForDeploymentPostprocessing = 0;
		};
/* End PBXSourcesBuildPhase section */

/* Begin PBXTargetDependency section */
		04C252F31CB2957800600DD8 /* PBXTargetDependency */ = {
			isa = PBXTargetDependency;
			target = 04C252DC1CB2957800600DD8 /* SimpleNative */;
			targetProxy = 04C252F21CB2957800600DD8 /* PBXContainerItemProxy */;
		};
		04C252FE1CB2957900600DD8 /* PBXTargetDependency */ = {
			isa = PBXTargetDependency;
			target = 04C252DC1CB2957800600DD8 /* SimpleNative */;
			targetProxy = 04C252FD1CB2957900600DD8 /* PBXContainerItemProxy */;
		};
/* End PBXTargetDependency section */

/* Begin PBXVariantGroup section */
		04C252E41CB2957800600DD8 /* Main.storyboard */ = {
			isa = PBXVariantGroup;
			children = (
				04C252E51CB2957800600DD8 /* Base */,
			);
			name = Main.storyboard;
			sourceTree = "<group>";
		};
		04C252E91CB2957800600DD8 /* LaunchScreen.storyboard */ = {
			isa = PBXVariantGroup;
			children = (
				04C252EA1CB2957800600DD8 /* Base */,
			);
			name = LaunchScreen.storyboard;
			sourceTree = "<group>";
		};
/* End PBXVariantGroup section */

/* Begin XCBuildConfiguration section */
		04C253031CB2957900600DD8 /* Debug */ = {
			isa = XCBuildConfiguration;
			buildSettings = {
				ALWAYS_SEARCH_USER_PATHS = NO;
				CLANG_ANALYZER_NONNULL = YES;
				CLANG_CXX_LANGUAGE_STANDARD = "gnu++0x";
				CLANG_CXX_LIBRARY = "libc++";
				CLANG_ENABLE_MODULES = YES;
				CLANG_ENABLE_OBJC_ARC = YES;
				CLANG_WARN_BOOL_CONVERSION = YES;
				CLANG_WARN_CONSTANT_CONVERSION = YES;
				CLANG_WARN_DIRECT_OBJC_ISA_USAGE = YES_ERROR;
				CLANG_WARN_EMPTY_BODY = YES;
				CLANG_WARN_ENUM_CONVERSION = YES;
				CLANG_WARN_INT_CONVERSION = YES;
				CLANG_WARN_OBJC_ROOT_CLASS = YES_ERROR;
				CLANG_WARN_UNREACHABLE_CODE = YES;
				CLANG_WARN__DUPLICATE_METHOD_MATCH = YES;
				"CODE_SIGN_IDENTITY[sdk=iphoneos*]" = "iPhone Developer";
				COPY_PHASE_STRIP = NO;
				DEBUG_INFORMATION_FORMAT = dwarf;
				ENABLE_STRICT_OBJC_MSGSEND = YES;
				ENABLE_TESTABILITY = YES;
				GCC_C_LANGUAGE_STANDARD = gnu99;
				GCC_DYNAMIC_NO_PIC = NO;
				GCC_NO_COMMON_BLOCKS = YES;
				GCC_OPTIMIZATION_LEVEL = 0;
				GCC_PREPROCESSOR_DEFINITIONS = (
					"DEBUG=1",
					"$(inherited)",
				);
				GCC_WARN_64_TO_32_BIT_CONVERSION = YES;
				GCC_WARN_ABOUT_RETURN_TYPE = YES_ERROR;
				GCC_WARN_UNDECLARED_SELECTOR = YES;
				GCC_WARN_UNINITIALIZED_AUTOS = YES_AGGRESSIVE;
				GCC_WARN_UNUSED_FUNCTION = YES;
				GCC_WARN_UNUSED_VARIABLE = YES;
				IPHONEOS_DEPLOYMENT_TARGET = 9.3;
				MTL_ENABLE_DEBUG_INFO = YES;
				ONLY_ACTIVE_ARCH = YES;
				SDKROOT = iphoneos;
				SWIFT_OPTIMIZATION_LEVEL = "-Onone";
			};
			name = Debug;
		};
		04C253041CB2957900600DD8 /* Release */ = {
			isa = XCBuildConfiguration;
			buildSettings = {
				ALWAYS_SEARCH_USER_PATHS = NO;
				CLANG_ANALYZER_NONNULL = YES;
				CLANG_CXX_LANGUAGE_STANDARD = "gnu++0x";
				CLANG_CXX_LIBRARY = "libc++";
				CLANG_ENABLE_MODULES = YES;
				CLANG_ENABLE_OBJC_ARC = YES;
				CLANG_WARN_BOOL_CONVERSION = YES;
				CLANG_WARN_CONSTANT_CONVERSION = YES;
				CLANG_WARN_DIRECT_OBJC_ISA_USAGE = YES_ERROR;
				CLANG_WARN_EMPTY_BODY = YES;
				CLANG_WARN_ENUM_CONVERSION = YES;
				CLANG_WARN_INT_CONVERSION = YES;
				CLANG_WARN_OBJC_ROOT_CLASS = YES_ERROR;
				CLANG_WARN_UNREACHABLE_CODE = YES;
				CLANG_WARN__DUPLICATE_METHOD_MATCH = YES;
				"CODE_SIGN_IDENTITY[sdk=iphoneos*]" = "iPhone Developer";
				COPY_PHASE_STRIP = NO;
				DEBUG_INFORMATION_FORMAT = "dwarf-with-dsym";
				ENABLE_NS_ASSERTIONS = NO;
				ENABLE_STRICT_OBJC_MSGSEND = YES;
				GCC_C_LANGUAGE_STANDARD = gnu99;
				GCC_NO_COMMON_BLOCKS = YES;
				GCC_WARN_64_TO_32_BIT_CONVERSION = YES;
				GCC_WARN_ABOUT_RETURN_TYPE = YES_ERROR;
				GCC_WARN_UNDECLARED_SELECTOR = YES;
				GCC_WARN_UNINITIALIZED_AUTOS = YES_AGGRESSIVE;
				GCC_WARN_UNUSED_FUNCTION = YES;
				GCC_WARN_UNUSED_VARIABLE = YES;
				IPHONEOS_DEPLOYMENT_TARGET = 9.3;
				MTL_ENABLE_DEBUG_INFO = NO;
				SDKROOT = iphoneos;
				VALIDATE_PRODUCT = YES;
			};
			name = Release;
		};
		04C253061CB2957900600DD8 /* Debug */ = {
			isa = XCBuildConfiguration;
			baseConfigurationReference = 225DD02D308B59499E3F2121 /* Pods-SimpleNative.debug.xcconfig */;
			buildSettings = {
				ASSETCATALOG_COMPILER_APPICON_NAME = AppIcon;
				CLANG_ENABLE_MODULES = YES;
				INFOPLIST_FILE = SimpleNative/Info.plist;
				LD_RUNPATH_SEARCH_PATHS = "$(inherited) @executable_path/Frameworks";
				PRODUCT_BUNDLE_IDENTIFIER = com.tsusolo.SimpleNative;
				PRODUCT_NAME = "$(TARGET_NAME)";
				SWIFT_OBJC_BRIDGING_HEADER = "SimpleNative/SimpleNative-Bridging-Header.h";
				SWIFT_OPTIMIZATION_LEVEL = "-Onone";
			};
			name = Debug;
		};
		04C253071CB2957900600DD8 /* Release */ = {
			isa = XCBuildConfiguration;
			baseConfigurationReference = E062438845846946E97143C3 /* Pods-SimpleNative.release.xcconfig */;
			buildSettings = {
				ASSETCATALOG_COMPILER_APPICON_NAME = AppIcon;
				CLANG_ENABLE_MODULES = YES;
				INFOPLIST_FILE = SimpleNative/Info.plist;
				LD_RUNPATH_SEARCH_PATHS = "$(inherited) @executable_path/Frameworks";
				PRODUCT_BUNDLE_IDENTIFIER = com.tsusolo.SimpleNative;
				PRODUCT_NAME = "$(TARGET_NAME)";
				SWIFT_OBJC_BRIDGING_HEADER = "SimpleNative/SimpleNative-Bridging-Header.h";
			};
			name = Release;
		};
		04C253091CB2957900600DD8 /* Debug */ = {
			isa = XCBuildConfiguration;
			buildSettings = {
				BUNDLE_LOADER = "$(TEST_HOST)";
				INFOPLIST_FILE = SimpleNativeTests/Info.plist;
				LD_RUNPATH_SEARCH_PATHS = "$(inherited) @executable_path/Frameworks @loader_path/Frameworks";
				PRODUCT_BUNDLE_IDENTIFIER = com.tsusolo.SimpleNativeTests;
				PRODUCT_NAME = "$(TARGET_NAME)";
				TEST_HOST = "$(BUILT_PRODUCTS_DIR)/SimpleNative.app/SimpleNative";
			};
			name = Debug;
		};
		04C2530A1CB2957900600DD8 /* Release */ = {
			isa = XCBuildConfiguration;
			buildSettings = {
				BUNDLE_LOADER = "$(TEST_HOST)";
				INFOPLIST_FILE = SimpleNativeTests/Info.plist;
				LD_RUNPATH_SEARCH_PATHS = "$(inherited) @executable_path/Frameworks @loader_path/Frameworks";
				PRODUCT_BUNDLE_IDENTIFIER = com.tsusolo.SimpleNativeTests;
				PRODUCT_NAME = "$(TARGET_NAME)";
				TEST_HOST = "$(BUILT_PRODUCTS_DIR)/SimpleNative.app/SimpleNative";
			};
			name = Release;
		};
		04C2530C1CB2957900600DD8 /* Debug */ = {
			isa = XCBuildConfiguration;
			buildSettings = {
				INFOPLIST_FILE = SimpleNativeUITests/Info.plist;
				LD_RUNPATH_SEARCH_PATHS = "$(inherited) @executable_path/Frameworks @loader_path/Frameworks";
				PRODUCT_BUNDLE_IDENTIFIER = com.tsusolo.SimpleNativeUITests;
				PRODUCT_NAME = "$(TARGET_NAME)";
				TEST_TARGET_NAME = SimpleNative;
			};
			name = Debug;
		};
		04C2530D1CB2957900600DD8 /* Release */ = {
			isa = XCBuildConfiguration;
			buildSettings = {
				INFOPLIST_FILE = SimpleNativeUITests/Info.plist;
				LD_RUNPATH_SEARCH_PATHS = "$(inherited) @executable_path/Frameworks @loader_path/Frameworks";
				PRODUCT_BUNDLE_IDENTIFIER = com.tsusolo.SimpleNativeUITests;
				PRODUCT_NAME = "$(TARGET_NAME)";
				TEST_TARGET_NAME = SimpleNative;
			};
			name = Release;
		};
/* End XCBuildConfiguration section */

/* Begin XCConfigurationList section */
		04C252D81CB2957800600DD8 /* Build configuration list for PBXProject "SimpleNative" */ = {
			isa = XCConfigurationList;
			buildConfigurations = (
				04C253031CB2957900600DD8 /* Debug */,
				04C253041CB2957900600DD8 /* Release */,
			);
			defaultConfigurationIsVisible = 0;
			defaultConfigurationName = Release;
		};
		04C253051CB2957900600DD8 /* Build configuration list for PBXNativeTarget "SimpleNative" */ = {
			isa = XCConfigurationList;
			buildConfigurations = (
				04C253061CB2957900600DD8 /* Debug */,
				04C253071CB2957900600DD8 /* Release */,
			);
			defaultConfigurationIsVisible = 0;
			defaultConfigurationName = Release;
		};
		04C253081CB2957900600DD8 /* Build configuration list for PBXNativeTarget "SimpleNativeTests" */ = {
			isa = XCConfigurationList;
			buildConfigurations = (
				04C253091CB2957900600DD8 /* Debug */,
				04C2530A1CB2957900600DD8 /* Release */,
			);
			defaultConfigurationIsVisible = 0;
			defaultConfigurationName = Release;
		};
		04C2530B1CB2957900600DD8 /* Build configuration list for PBXNativeTarget "SimpleNativeUITests" */ = {
			isa = XCConfigurationList;
			buildConfigurations = (
				04C2530C1CB2957900600DD8 /* Debug */,
				04C2530D1CB2957900600DD8 /* Release */,
			);
			defaultConfigurationIsVisible = 0;
			defaultConfigurationName = Release;
		};
/* End XCConfigurationList section */
	};
	rootObject = 04C252D51CB2957800600DD8 /* Project object */;
}
